# This file is automatically @generated by Poetry 1.8.3 and should not be changed by hand.

[[package]]
name = "asyncio-dgram"
version = "2.2.0"
description = "Higher level Datagram support for Asyncio"
optional = false
python-versions = ">=3.6"
files = [
    {file = "asyncio-dgram-2.2.0.tar.gz", hash = "sha256:73362b491786153d8b888936c5780548b40b4e6f5e0d62bfef956cb7b6ed9684"},
    {file = "asyncio_dgram-2.2.0-py3-none-any.whl", hash = "sha256:7afe5a587d1d57908c7a02fe84c785f075d3fb59b555039a6ff8aead28622743"},
]

[package.dependencies]
setuptools = "*"

[package.extras]
test = ["black (>=20.8b1)", "flake8 (>=3.8.3)", "mypy (>=0.812)", "mypy-extensions (>=0.4.3)", "pytest (>=5.4.3)", "pytest-asyncio (>=0.14.0)", "typed-ast (>=1.4.3)", "typing-extensions (>=3.10.0.0)"]

[[package]]
name = "dnspython"
version = "2.7.0"
description = "DNS toolkit"
optional = false
python-versions = ">=3.9"
files = [
    {file = "dnspython-2.7.0-py3-none-any.whl", hash = "sha256:b4c34b7d10b51bcc3a5071e7b8dee77939f1e878477eeecc965e9835f63c6c86"},
    {file = "dnspython-2.7.0.tar.gz", hash = "sha256:ce9c432eda0dc91cf618a5cedf1a4e142651196bbcd2c80e89ed5a907e5cfaf1"},
]

[package.extras]
dev = ["black (>=23.1.0)", "coverage (>=7.0)", "flake8 (>=7)", "hypercorn (>=0.16.0)", "mypy (>=1.8)", "pylint (>=3)", "pytest (>=7.4)", "pytest-cov (>=4.1.0)", "quart-trio (>=0.11.0)", "sphinx (>=7.2.0)", "sphinx-rtd-theme (>=2.0.0)", "twine (>=4.0.0)", "wheel (>=0.42.0)"]
dnssec = ["cryptography (>=43)"]
doh = ["h2 (>=4.1.0)", "httpcore (>=1.0.0)", "httpx (>=0.26.0)"]
doq = ["aioquic (>=1.0.0)"]
idna = ["idna (>=3.7)"]
trio = ["trio (>=0.23)"]
wmi = ["wmi (>=1.5.1)"]

[[package]]
name = "mcstatus"
version = "11.1.1"
description = "A library to query Minecraft Servers for their status and capabilities."
optional = false
python-versions = ">=3.8.1,<4"
files = [
    {file = "mcstatus-11.1.1-py3-none-any.whl", hash = "sha256:7f5f7f44fa1d17c4e05c0ae94ecc114d9d146ef572e7dd9f2d9da72771ce135c"},
    {file = "mcstatus-11.1.1.tar.gz", hash = "sha256:b2856ee4032faf810b0c6af10a141381e6115caf14a7348c47edc8e3da84f5d4"},
]

[package.dependencies]
asyncio-dgram = ">=2.1.2,<3.0.0"
dnspython = ">=2.4.2,<3.0.0"

[[package]]
name = "setuptools"
version = "80.0.0"
description = "Easily download, build, install, upgrade, and uninstall Python packages"
optional = false
python-versions = ">=3.9"
files = [
    {file = "setuptools-80.0.0-py3-none-any.whl", hash = "sha256:a38f898dcd6e5380f4da4381a87ec90bd0a7eec23d204a5552e80ee3cab6bd27"},
    {file = "setuptools-80.0.0.tar.gz", hash = "sha256:c40a5b3729d58dd749c0f08f1a07d134fb8a0a3d7f87dc33e7c5e1f762138650"},
]

[package.extras]
check = ["pytest-checkdocs (>=2.4)", "pytest-ruff (>=0.2.1)", "ruff (>=0.8.0)"]
core = ["importlib_metadata (>=6)", "jaraco.functools (>=4)", "jaraco.text (>=3.7)", "more_itertools", "more_itertools (>=8.8)", "packaging (>=24.2)", "platformdirs (>=4.2.2)", "tomli (>=2.0.1)", "wheel (>=0.43.0)"]
cover = ["pytest-cov"]
doc = ["furo", "jaraco.packaging (>=9.3)", "jaraco.tidelift (>=1.4)", "pygments-github-lexers (==0.0.5)", "pyproject-hooks (!=1.1)", "rst.linker (>=1.9)", "sphinx (>=3.5)", "sphinx-favicon", "sphinx-inline-tabs", "sphinx-lint", "sphinx-notfound-page (>=1,<2)", "sphinx-reredirects", "sphinxcontrib-towncrier", "towncrier (<24.7)"]
enabler = ["pytest-enabler (>=2.2)"]
test = ["build[virtualenv] (>=1.0.3)", "filelock (>=3.4.0)", "ini2toml[lite] (>=0.14)", "jaraco.develop (>=7.21)", "jaraco.envs (>=2.2)", "jaraco.path (>=3.7.2)", "jaraco.test (>=5.5)", "packaging (>=24.2)", "pip (>=19.1)", "pyproject-hooks (!=1.1)", "pytest (>=6,!=8.1.*)", "pytest-home (>=0.5)", "pytest-perf", "pytest-subprocess", "pytest-timeout", "pytest-xdist (>=3)", "tomli-w (>=1.0.0)", "virtualenv (>=13.0.0)", "wheel (>=0.44.0)"]
type = ["importlib_metadata (>=7.0.2)", "jaraco.develop (>=7.21)", "mypy (==1.14.*)", "pytest-mypy"]

[metadata]
lock-version = "2.0"
python-versions = "^3.11"
content-hash = "b26d594a89ba278f479503bb393e0011e0c33fcce3d62acfa413e71cc6ad384a"
